
Microsoft Visual Studio Solution File, Format Version 12.00
# Visual Studio Version 17
VisualStudioVersion = 17.4.33122.133
MinimumVisualStudioVersion = 10.0.40219.1
Project("{FAE04EC0-301F-11D3-BF4B-00C04F79EFBC}") = "CPEEjercicio 7", "CPEEjercicio 7\CPEEjercicio 7.csproj", "{76A5061E-9EEA-4E65-BDE0-1A7500181925}"
EndProject
Global
	GlobalSection(SolutionConfigurationPlatforms) = preSolution
		Debug|Any CPU = Debug|Any CPU
		Release|Any CPU = Release|Any CPU
	EndGlobalSection
	GlobalSection(ProjectConfigurationPlatforms) = postSolution
		{76A5061E-9EEA-4E65-BDE0-1A7500181925}.Debug|Any CPU.ActiveCfg = Debug|Any CPU
		{76A5061E-9EEA-4E65-BDE0-1A7500181925}.Debug|Any CPU.Build.0 = Debug|Any CPU
		{76A5061E-9EEA-4E65-BDE0-1A7500181925}.Release|Any CPU.ActiveCfg = Release|Any CPU
		{76A5061E-9EEA-4E65-BDE0-1A7500181925}.Release|Any CPU.Build.0 = Release|Any CPU
	EndGlobalSection
	GlobalSection(SolutionProperties) = preSolution
		HideSolutionNode = FALSE
	EndGlobalSection
	GlobalSection(ExtensibilityGlobals) = postSolution
		SolutionGuid = {6CEDEFDD-56EC-48A6-AAEF-633B38E08785}
	EndGlobalSection
EndGlobal
